
Microsoft Visual Studio Solution File, Format Version 12.00
# Visual Studio 15
VisualStudioVersion = 15.0.27703.2018
MinimumVisualStudioVersion = 10.0.40219.1
Project("{2150E333-8FDC-42A3-9474-1A3956D46DE8}") = "Chapter2_비주얼C++ 컴파일러 사용법", "Chapter2_비주얼C++ 컴파일러 사용법", "{1BB1684D-295D-4419-8006-5797F60C96B7}"
EndProject
Project("{8BC9CEB8-8B4A-11D0-8D11-00A0C91BC942}") = "Chapter02_02_Test2", "Chapter02_02_Test2\Chapter02_02_Test2.vcxproj", "{FC8E80E0-5060-4DD6-A027-A16E8F3B73BE}"
EndProject
Project("{8BC9CEB8-8B4A-11D0-8D11-00A0C91BC942}") = "Chapter02_01_Test1", "Chapter02_01_Test1\Chapter02_01_Test1.vcxproj", "{572C4567-470C-48CA-B227-6DFDA98F4977}"
EndProject
Project("{2150E333-8FDC-42A3-9474-1A3956D46DE8}") = "Chapter3_컨트롤", "Chapter3_컨트롤", "{DD0B1BC1-B87E-4010-B692-37AC36A13194}"
EndProject
Project("{8BC9CEB8-8B4A-11D0-8D11-00A0C91BC942}") = "Chapter03_01_Button", "Chapter03_01_Button\Chapter03_01_Button.vcxproj", "{E30DEC79-AD2D-42EB-8CC2-09503686658A}"
EndProject
Project("{8BC9CEB8-8B4A-11D0-8D11-00A0C91BC942}") = "Chapter03_02_EDIT", "Chapter03_02_EDIT\Chapter03_02_EDIT.vcxproj", "{9AADCB3E-938F-41A9-85E5-9403E9F76519}"
EndProject
Project("{8BC9CEB8-8B4A-11D0-8D11-00A0C91BC942}") = "Chapter03_03_CheckBox", "Chapter03_03_CheckBox\Chapter03_03_CheckBox.vcxproj", "{0772859D-9188-4287-BAC6-53982077FA3F}"
EndProject
Project("{8BC9CEB8-8B4A-11D0-8D11-00A0C91BC942}") = "Chapter03_04_ComboBoxAndStaticText", "Chapter03_04_ComboBoxAndStaticText\Chapter03_04_ComboBoxAndStaticText.vcxproj", "{A16F9790-D00F-4FA0-9A32-D205494429F3}"
EndProject
Project("{8BC9CEB8-8B4A-11D0-8D11-00A0C91BC942}") = "Chapter03_05_Progress", "Chapter03_05_Progress\Chapter03_05_Progress.vcxproj", "{ACE8487C-C0AC-463E-87D3-4C8DFE9EEE50}"
EndProject
Project("{8BC9CEB8-8B4A-11D0-8D11-00A0C91BC942}") = "Chapter03_06_ListBox", "Chapter03_06_ListBox\Chapter03_06_ListBox.vcxproj", "{52136263-F09C-462D-B056-CB7BCFF786B7}"
EndProject
Project("{8BC9CEB8-8B4A-11D0-8D11-00A0C91BC942}") = "Chapter03_07_ListBox2", "Chapter03_07_ListBox2\Chapter03_07_ListBox2.vcxproj", "{932CF3D8-853C-4B0E-BDFA-C885A5D2BA48}"
EndProject
Project("{8BC9CEB8-8B4A-11D0-8D11-00A0C91BC942}") = "Chapter03_08_ListCtl", "Chapter03_08_ListCtl\Chapter03_08_ListCtl.vcxproj", "{92426817-7B39-48FB-AAF3-E242FF186A60}"
EndProject
Project("{8BC9CEB8-8B4A-11D0-8D11-00A0C91BC942}") = "Chapter03_09_ListCtl2", "Chapter03_09_ListCtl2\Chapter03_09_ListCtl2.vcxproj", "{13FBBABA-D4C5-4AB4-BF64-D33442219F86}"
EndProject
Project("{8BC9CEB8-8B4A-11D0-8D11-00A0C91BC942}") = "Chapter03_10_Picture", "Chapter03_10_Picture\Chapter03_10_Picture.vcxproj", "{2DF89EEB-1BA8-4534-A813-97AD9918DCEC}"
EndProject
Project("{8BC9CEB8-8B4A-11D0-8D11-00A0C91BC942}") = "Chapter03_11_Menu", "Chapter03_11_Menu\Chapter03_11_Menu.vcxproj", "{00FED537-FFEA-489F-94C7-98B2785BCAC2}"
EndProject
Project("{8BC9CEB8-8B4A-11D0-8D11-00A0C91BC942}") = "Chapter03_12_ScrollBar", "Chapter03_12_ScrollBar\Chapter03_12_ScrollBar.vcxproj", "{C93D197C-11EB-4351-98D1-1996245516A0}"
EndProject
Global
	GlobalSection(SolutionConfigurationPlatforms) = preSolution
		Debug|x64 = Debug|x64
		Debug|x86 = Debug|x86
		Release|x64 = Release|x64
		Release|x86 = Release|x86
	EndGlobalSection
	GlobalSection(ProjectConfigurationPlatforms) = postSolution
		{FC8E80E0-5060-4DD6-A027-A16E8F3B73BE}.Debug|x64.ActiveCfg = Debug|x64
		{FC8E80E0-5060-4DD6-A027-A16E8F3B73BE}.Debug|x64.Build.0 = Debug|x64
		{FC8E80E0-5060-4DD6-A027-A16E8F3B73BE}.Debug|x86.ActiveCfg = Debug|Win32
		{FC8E80E0-5060-4DD6-A027-A16E8F3B73BE}.Debug|x86.Build.0 = Debug|Win32
		{FC8E80E0-5060-4DD6-A027-A16E8F3B73BE}.Release|x64.ActiveCfg = Release|x64
		{FC8E80E0-5060-4DD6-A027-A16E8F3B73BE}.Release|x64.Build.0 = Release|x64
		{FC8E80E0-5060-4DD6-A027-A16E8F3B73BE}.Release|x86.ActiveCfg = Release|Win32
		{FC8E80E0-5060-4DD6-A027-A16E8F3B73BE}.Release|x86.Build.0 = Release|Win32
		{572C4567-470C-48CA-B227-6DFDA98F4977}.Debug|x64.ActiveCfg = Debug|x64
		{572C4567-470C-48CA-B227-6DFDA98F4977}.Debug|x64.Build.0 = Debug|x64
		{572C4567-470C-48CA-B227-6DFDA98F4977}.Debug|x86.ActiveCfg = Debug|Win32
		{572C4567-470C-48CA-B227-6DFDA98F4977}.Debug|x86.Build.0 = Debug|Win32
		{572C4567-470C-48CA-B227-6DFDA98F4977}.Release|x64.ActiveCfg = Release|x64
		{572C4567-470C-48CA-B227-6DFDA98F4977}.Release|x64.Build.0 = Release|x64
		{572C4567-470C-48CA-B227-6DFDA98F4977}.Release|x86.ActiveCfg = Release|Win32
		{572C4567-470C-48CA-B227-6DFDA98F4977}.Release|x86.Build.0 = Release|Win32
		{E30DEC79-AD2D-42EB-8CC2-09503686658A}.Debug|x64.ActiveCfg = Debug|x64
		{E30DEC79-AD2D-42EB-8CC2-09503686658A}.Debug|x64.Build.0 = Debug|x64
		{E30DEC79-AD2D-42EB-8CC2-09503686658A}.Debug|x86.ActiveCfg = Debug|Win32
		{E30DEC79-AD2D-42EB-8CC2-09503686658A}.Debug|x86.Build.0 = Debug|Win32
		{E30DEC79-AD2D-42EB-8CC2-09503686658A}.Release|x64.ActiveCfg = Release|x64
		{E30DEC79-AD2D-42EB-8CC2-09503686658A}.Release|x64.Build.0 = Release|x64
		{E30DEC79-AD2D-42EB-8CC2-09503686658A}.Release|x86.ActiveCfg = Release|Win32
		{E30DEC79-AD2D-42EB-8CC2-09503686658A}.Release|x86.Build.0 = Release|Win32
		{9AADCB3E-938F-41A9-85E5-9403E9F76519}.Debug|x64.ActiveCfg = Debug|x64
		{9AADCB3E-938F-41A9-85E5-9403E9F76519}.Debug|x64.Build.0 = Debug|x64
		{9AADCB3E-938F-41A9-85E5-9403E9F76519}.Debug|x86.ActiveCfg = Debug|Win32
		{9AADCB3E-938F-41A9-85E5-9403E9F76519}.Debug|x86.Build.0 = Debug|Win32
		{9AADCB3E-938F-41A9-85E5-9403E9F76519}.Release|x64.ActiveCfg = Release|x64
		{9AADCB3E-938F-41A9-85E5-9403E9F76519}.Release|x64.Build.0 = Release|x64
		{9AADCB3E-938F-41A9-85E5-9403E9F76519}.Release|x86.ActiveCfg = Release|Win32
		{9AADCB3E-938F-41A9-85E5-9403E9F76519}.Release|x86.Build.0 = Release|Win32
		{0772859D-9188-4287-BAC6-53982077FA3F}.Debug|x64.ActiveCfg = Debug|x64
		{0772859D-9188-4287-BAC6-53982077FA3F}.Debug|x64.Build.0 = Debug|x64
		{0772859D-9188-4287-BAC6-53982077FA3F}.Debug|x86.ActiveCfg = Debug|Win32
		{0772859D-9188-4287-BAC6-53982077FA3F}.Debug|x86.Build.0 = Debug|Win32
		{0772859D-9188-4287-BAC6-53982077FA3F}.Release|x64.ActiveCfg = Release|x64
		{0772859D-9188-4287-BAC6-53982077FA3F}.Release|x64.Build.0 = Release|x64
		{0772859D-9188-4287-BAC6-53982077FA3F}.Release|x86.ActiveCfg = Release|Win32
		{0772859D-9188-4287-BAC6-53982077FA3F}.Release|x86.Build.0 = Release|Win32
		{A16F9790-D00F-4FA0-9A32-D205494429F3}.Debug|x64.ActiveCfg = Debug|x64
		{A16F9790-D00F-4FA0-9A32-D205494429F3}.Debug|x64.Build.0 = Debug|x64
		{A16F9790-D00F-4FA0-9A32-D205494429F3}.Debug|x86.ActiveCfg = Debug|Win32
		{A16F9790-D00F-4FA0-9A32-D205494429F3}.Debug|x86.Build.0 = Debug|Win32
		{A16F9790-D00F-4FA0-9A32-D205494429F3}.Release|x64.ActiveCfg = Release|x64
		{A16F9790-D00F-4FA0-9A32-D205494429F3}.Release|x64.Build.0 = Release|x64
		{A16F9790-D00F-4FA0-9A32-D205494429F3}.Release|x86.ActiveCfg = Release|Win32
		{A16F9790-D00F-4FA0-9A32-D205494429F3}.Release|x86.Build.0 = Release|Win32
		{ACE8487C-C0AC-463E-87D3-4C8DFE9EEE50}.Debug|x64.ActiveCfg = Debug|x64
		{ACE8487C-C0AC-463E-87D3-4C8DFE9EEE50}.Debug|x64.Build.0 = Debug|x64
		{ACE8487C-C0AC-463E-87D3-4C8DFE9EEE50}.Debug|x86.ActiveCfg = Debug|Win32
		{ACE8487C-C0AC-463E-87D3-4C8DFE9EEE50}.Debug|x86.Build.0 = Debug|Win32
		{ACE8487C-C0AC-463E-87D3-4C8DFE9EEE50}.Release|x64.ActiveCfg = Release|x64
		{ACE8487C-C0AC-463E-87D3-4C8DFE9EEE50}.Release|x64.Build.0 = Release|x64
		{ACE8487C-C0AC-463E-87D3-4C8DFE9EEE50}.Release|x86.ActiveCfg = Release|Win32
		{ACE8487C-C0AC-463E-87D3-4C8DFE9EEE50}.Release|x86.Build.0 = Release|Win32
		{52136263-F09C-462D-B056-CB7BCFF786B7}.Debug|x64.ActiveCfg = Debug|x64
		{52136263-F09C-462D-B056-CB7BCFF786B7}.Debug|x64.Build.0 = Debug|x64
		{52136263-F09C-462D-B056-CB7BCFF786B7}.Debug|x86.ActiveCfg = Debug|Win32
		{52136263-F09C-462D-B056-CB7BCFF786B7}.Debug|x86.Build.0 = Debug|Win32
		{52136263-F09C-462D-B056-CB7BCFF786B7}.Release|x64.ActiveCfg = Release|x64
		{52136263-F09C-462D-B056-CB7BCFF786B7}.Release|x64.Build.0 = Release|x64
		{52136263-F09C-462D-B056-CB7BCFF786B7}.Release|x86.ActiveCfg = Release|Win32
		{52136263-F09C-462D-B056-CB7BCFF786B7}.Release|x86.Build.0 = Release|Win32
		{932CF3D8-853C-4B0E-BDFA-C885A5D2BA48}.Debug|x64.ActiveCfg = Debug|x64
		{932CF3D8-853C-4B0E-BDFA-C885A5D2BA48}.Debug|x64.Build.0 = Debug|x64
		{932CF3D8-853C-4B0E-BDFA-C885A5D2BA48}.Debug|x86.ActiveCfg = Debug|Win32
		{932CF3D8-853C-4B0E-BDFA-C885A5D2BA48}.Debug|x86.Build.0 = Debug|Win32
		{932CF3D8-853C-4B0E-BDFA-C885A5D2BA48}.Release|x64.ActiveCfg = Release|x64
		{932CF3D8-853C-4B0E-BDFA-C885A5D2BA48}.Release|x64.Build.0 = Release|x64
		{932CF3D8-853C-4B0E-BDFA-C885A5D2BA48}.Release|x86.ActiveCfg = Release|Win32
		{932CF3D8-853C-4B0E-BDFA-C885A5D2BA48}.Release|x86.Build.0 = Release|Win32
		{92426817-7B39-48FB-AAF3-E242FF186A60}.Debug|x64.ActiveCfg = Debug|x64
		{92426817-7B39-48FB-AAF3-E242FF186A60}.Debug|x64.Build.0 = Debug|x64
		{92426817-7B39-48FB-AAF3-E242FF186A60}.Debug|x86.ActiveCfg = Debug|Win32
		{92426817-7B39-48FB-AAF3-E242FF186A60}.Debug|x86.Build.0 = Debug|Win32
		{92426817-7B39-48FB-AAF3-E242FF186A60}.Release|x64.ActiveCfg = Release|x64
		{92426817-7B39-48FB-AAF3-E242FF186A60}.Release|x64.Build.0 = Release|x64
		{92426817-7B39-48FB-AAF3-E242FF186A60}.Release|x86.ActiveCfg = Release|Win32
		{92426817-7B39-48FB-AAF3-E242FF186A60}.Release|x86.Build.0 = Release|Win32
		{13FBBABA-D4C5-4AB4-BF64-D33442219F86}.Debug|x64.ActiveCfg = Debug|x64
		{13FBBABA-D4C5-4AB4-BF64-D33442219F86}.Debug|x64.Build.0 = Debug|x64
		{13FBBABA-D4C5-4AB4-BF64-D33442219F86}.Debug|x86.ActiveCfg = Debug|Win32
		{13FBBABA-D4C5-4AB4-BF64-D33442219F86}.Debug|x86.Build.0 = Debug|Win32
		{13FBBABA-D4C5-4AB4-BF64-D33442219F86}.Release|x64.ActiveCfg = Release|x64
		{13FBBABA-D4C5-4AB4-BF64-D33442219F86}.Release|x64.Build.0 = Release|x64
		{13FBBABA-D4C5-4AB4-BF64-D33442219F86}.Release|x86.ActiveCfg = Release|Win32
		{13FBBABA-D4C5-4AB4-BF64-D33442219F86}.Release|x86.Build.0 = Release|Win32
		{2DF89EEB-1BA8-4534-A813-97AD9918DCEC}.Debug|x64.ActiveCfg = Debug|x64
		{2DF89EEB-1BA8-4534-A813-97AD9918DCEC}.Debug|x64.Build.0 = Debug|x64
		{2DF89EEB-1BA8-4534-A813-97AD9918DCEC}.Debug|x86.ActiveCfg = Debug|Win32
		{2DF89EEB-1BA8-4534-A813-97AD9918DCEC}.Debug|x86.Build.0 = Debug|Win32
		{2DF89EEB-1BA8-4534-A813-97AD9918DCEC}.Release|x64.ActiveCfg = Release|x64
		{2DF89EEB-1BA8-4534-A813-97AD9918DCEC}.Release|x64.Build.0 = Release|x64
		{2DF89EEB-1BA8-4534-A813-97AD9918DCEC}.Release|x86.ActiveCfg = Release|Win32
		{2DF89EEB-1BA8-4534-A813-97AD9918DCEC}.Release|x86.Build.0 = Release|Win32
		{00FED537-FFEA-489F-94C7-98B2785BCAC2}.Debug|x64.ActiveCfg = Debug|x64
		{00FED537-FFEA-489F-94C7-98B2785BCAC2}.Debug|x64.Build.0 = Debug|x64
		{00FED537-FFEA-489F-94C7-98B2785BCAC2}.Debug|x86.ActiveCfg = Debug|Win32
		{00FED537-FFEA-489F-94C7-98B2785BCAC2}.Debug|x86.Build.0 = Debug|Win32
		{00FED537-FFEA-489F-94C7-98B2785BCAC2}.Release|x64.ActiveCfg = Release|x64
		{00FED537-FFEA-489F-94C7-98B2785BCAC2}.Release|x64.Build.0 = Release|x64
		{00FED537-FFEA-489F-94C7-98B2785BCAC2}.Release|x86.ActiveCfg = Release|Win32
		{00FED537-FFEA-489F-94C7-98B2785BCAC2}.Release|x86.Build.0 = Release|Win32
		{C93D197C-11EB-4351-98D1-1996245516A0}.Debug|x64.ActiveCfg = Debug|x64
		{C93D197C-11EB-4351-98D1-1996245516A0}.Debug|x64.Build.0 = Debug|x64
		{C93D197C-11EB-4351-98D1-1996245516A0}.Debug|x86.ActiveCfg = Debug|Win32
		{C93D197C-11EB-4351-98D1-1996245516A0}.Debug|x86.Build.0 = Debug|Win32
		{C93D197C-11EB-4351-98D1-1996245516A0}.Release|x64.ActiveCfg = Release|x64
		{C93D197C-11EB-4351-98D1-1996245516A0}.Release|x64.Build.0 = Release|x64
		{C93D197C-11EB-4351-98D1-1996245516A0}.Release|x86.ActiveCfg = Release|Win32
		{C93D197C-11EB-4351-98D1-1996245516A0}.Release|x86.Build.0 = Release|Win32
	EndGlobalSection
	GlobalSection(SolutionProperties) = preSolution
		HideSolutionNode = FALSE
	EndGlobalSection
	GlobalSection(NestedProjects) = preSolution
		{FC8E80E0-5060-4DD6-A027-A16E8F3B73BE} = {1BB1684D-295D-4419-8006-5797F60C96B7}
		{572C4567-470C-48CA-B227-6DFDA98F4977} = {1BB1684D-295D-4419-8006-5797F60C96B7}
		{E30DEC79-AD2D-42EB-8CC2-09503686658A} = {DD0B1BC1-B87E-4010-B692-37AC36A13194}
		{9AADCB3E-938F-41A9-85E5-9403E9F76519} = {DD0B1BC1-B87E-4010-B692-37AC36A13194}
		{0772859D-9188-4287-BAC6-53982077FA3F} = {DD0B1BC1-B87E-4010-B692-37AC36A13194}
		{A16F9790-D00F-4FA0-9A32-D205494429F3} = {DD0B1BC1-B87E-4010-B692-37AC36A13194}
		{ACE8487C-C0AC-463E-87D3-4C8DFE9EEE50} = {DD0B1BC1-B87E-4010-B692-37AC36A13194}
		{52136263-F09C-462D-B056-CB7BCFF786B7} = {DD0B1BC1-B87E-4010-B692-37AC36A13194}
		{932CF3D8-853C-4B0E-BDFA-C885A5D2BA48} = {DD0B1BC1-B87E-4010-B692-37AC36A13194}
		{92426817-7B39-48FB-AAF3-E242FF186A60} = {DD0B1BC1-B87E-4010-B692-37AC36A13194}
		{13FBBABA-D4C5-4AB4-BF64-D33442219F86} = {DD0B1BC1-B87E-4010-B692-37AC36A13194}
		{2DF89EEB-1BA8-4534-A813-97AD9918DCEC} = {DD0B1BC1-B87E-4010-B692-37AC36A13194}
		{00FED537-FFEA-489F-94C7-98B2785BCAC2} = {DD0B1BC1-B87E-4010-B692-37AC36A13194}
		{C93D197C-11EB-4351-98D1-1996245516A0} = {DD0B1BC1-B87E-4010-B692-37AC36A13194}
	EndGlobalSection
	GlobalSection(ExtensibilityGlobals) = postSolution
		SolutionGuid = {91BDBB39-D206-4E72-8927-D83C196FFD25}
	EndGlobalSection
EndGlobal
