
Microsoft Visual Studio Solution File, Format Version 12.00
# Visual Studio 15
VisualStudioVersion = 15.0.27703.2018
MinimumVisualStudioVersion = 10.0.40219.1
Project("{2150E333-8FDC-42A3-9474-1A3956D46DE8}") = "Chapter2 비주얼C++ 컴파일러 사용법", "Chapter2 비주얼C++ 컴파일러 사용법", "{1BB1684D-295D-4419-8006-5797F60C96B7}"
EndProject
Project("{8BC9CEB8-8B4A-11D0-8D11-00A0C91BC942}") = "Chapter02_02_Test2", "Chapter02_02_Test2\Chapter02_02_Test2.vcxproj", "{FC8E80E0-5060-4DD6-A027-A16E8F3B73BE}"
EndProject
Project("{8BC9CEB8-8B4A-11D0-8D11-00A0C91BC942}") = "Chapter02_01_Test1", "Chapter02_01_Test1\Chapter02_01_Test1.vcxproj", "{572C4567-470C-48CA-B227-6DFDA98F4977}"
EndProject
Global
	GlobalSection(SolutionConfigurationPlatforms) = preSolution
		Debug|x64 = Debug|x64
		Debug|x86 = Debug|x86
		Release|x64 = Release|x64
		Release|x86 = Release|x86
	EndGlobalSection
	GlobalSection(ProjectConfigurationPlatforms) = postSolution
		{FC8E80E0-5060-4DD6-A027-A16E8F3B73BE}.Debug|x64.ActiveCfg = Debug|x64
		{FC8E80E0-5060-4DD6-A027-A16E8F3B73BE}.Debug|x64.Build.0 = Debug|x64
		{FC8E80E0-5060-4DD6-A027-A16E8F3B73BE}.Debug|x86.ActiveCfg = Debug|Win32
		{FC8E80E0-5060-4DD6-A027-A16E8F3B73BE}.Debug|x86.Build.0 = Debug|Win32
		{FC8E80E0-5060-4DD6-A027-A16E8F3B73BE}.Release|x64.ActiveCfg = Release|x64
		{FC8E80E0-5060-4DD6-A027-A16E8F3B73BE}.Release|x64.Build.0 = Release|x64
		{FC8E80E0-5060-4DD6-A027-A16E8F3B73BE}.Release|x86.ActiveCfg = Release|Win32
		{FC8E80E0-5060-4DD6-A027-A16E8F3B73BE}.Release|x86.Build.0 = Release|Win32
		{572C4567-470C-48CA-B227-6DFDA98F4977}.Debug|x64.ActiveCfg = Debug|x64
		{572C4567-470C-48CA-B227-6DFDA98F4977}.Debug|x64.Build.0 = Debug|x64
		{572C4567-470C-48CA-B227-6DFDA98F4977}.Debug|x86.ActiveCfg = Debug|Win32
		{572C4567-470C-48CA-B227-6DFDA98F4977}.Debug|x86.Build.0 = Debug|Win32
		{572C4567-470C-48CA-B227-6DFDA98F4977}.Release|x64.ActiveCfg = Release|x64
		{572C4567-470C-48CA-B227-6DFDA98F4977}.Release|x64.Build.0 = Release|x64
		{572C4567-470C-48CA-B227-6DFDA98F4977}.Release|x86.ActiveCfg = Release|Win32
		{572C4567-470C-48CA-B227-6DFDA98F4977}.Release|x86.Build.0 = Release|Win32
	EndGlobalSection
	GlobalSection(SolutionProperties) = preSolution
		HideSolutionNode = FALSE
	EndGlobalSection
	GlobalSection(NestedProjects) = preSolution
		{FC8E80E0-5060-4DD6-A027-A16E8F3B73BE} = {1BB1684D-295D-4419-8006-5797F60C96B7}
		{572C4567-470C-48CA-B227-6DFDA98F4977} = {1BB1684D-295D-4419-8006-5797F60C96B7}
	EndGlobalSection
	GlobalSection(ExtensibilityGlobals) = postSolution
		SolutionGuid = {91BDBB39-D206-4E72-8927-D83C196FFD25}
	EndGlobalSection
EndGlobal
